// !$*UTF8*$!
{
	archiveVersion = 1;
	classes = {
	};
	objectVersion = 56;
	objects = {

/* Begin PBXBuildFile section */
		D810F04429513B140020D9E8 /* AppDelegate.swift in Sources */ = {isa = PBXBuildFile; fileRef = D810F04329513B140020D9E8 /* AppDelegate.swift */; };
		D810F04629513B140020D9E8 /* SceneDelegate.swift in Sources */ = {isa = PBXBuildFile; fileRef = D810F04529513B140020D9E8 /* SceneDelegate.swift */; };
		D810F04B29513B140020D9E8 /* Main.storyboard in Resources */ = {isa = PBXBuildFile; fileRef = D810F04929513B140020D9E8 /* Main.storyboard */; };
		D810F04D29513B160020D9E8 /* Assets.xcassets in Resources */ = {isa = PBXBuildFile; fileRef = D810F04C29513B160020D9E8 /* Assets.xcassets */; };
		D810F05029513B160020D9E8 /* LaunchScreen.storyboard in Resources */ = {isa = PBXBuildFile; fileRef = D810F04E29513B160020D9E8 /* LaunchScreen.storyboard */; };
		D810F05C2951487E0020D9E8 /* Song.swift in Sources */ = {isa = PBXBuildFile; fileRef = D810F05B2951487E0020D9E8 /* Song.swift */; };
		D810F05F29514BB60020D9E8 /* SongController.swift in Sources */ = {isa = PBXBuildFile; fileRef = D810F05E29514BB60020D9E8 /* SongController.swift */; };
		D810F06529514E8D0020D9E8 /* SongTableViewController.swift in Sources */ = {isa = PBXBuildFile; fileRef = D810F06429514E8D0020D9E8 /* SongTableViewController.swift */; };
		D82438A42952DCB3000564C0 /* PlaylistViewController.swift in Sources */ = {isa = PBXBuildFile; fileRef = D82438A32952DCB3000564C0 /* PlaylistViewController.swift */; };
		D832EFAB2952C7F8007ABFA8 /* Playlist.swift in Sources */ = {isa = PBXBuildFile; fileRef = D832EFAA2952C7F8007ABFA8 /* Playlist.swift */; };
		D832EFAD2952C941007ABFA8 /* PlaylistController.swift in Sources */ = {isa = PBXBuildFile; fileRef = D832EFAC2952C941007ABFA8 /* PlaylistController.swift */; };
/* End PBXBuildFile section */

/* Begin PBXFileReference section */
		D810F04029513B140020D9E8 /* Playlist.app */ = {isa = PBXFileReference; explicitFileType = wrapper.application; includeInIndex = 0; path = Playlist.app; sourceTree = BUILT_PRODUCTS_DIR; };
		D810F04329513B140020D9E8 /* AppDelegate.swift */ = {isa = PBXFileReference; lastKnownFileType = sourcecode.swift; path = AppDelegate.swift; sourceTree = "<group>"; };
		D810F04529513B140020D9E8 /* SceneDelegate.swift */ = {isa = PBXFileReference; lastKnownFileType = sourcecode.swift; path = SceneDelegate.swift; sourceTree = "<group>"; };
		D810F04A29513B140020D9E8 /* Base */ = {isa = PBXFileReference; lastKnownFileType = file.storyboard; name = Base; path = Base.lproj/Main.storyboard; sourceTree = "<group>"; };
		D810F04C29513B160020D9E8 /* Assets.xcassets */ = {isa = PBXFileReference; lastKnownFileType = folder.assetcatalog; path = Assets.xcassets; sourceTree = "<group>"; };
		D810F04F29513B160020D9E8 /* Base */ = {isa = PBXFileReference; lastKnownFileType = file.storyboard; name = Base; path = Base.lproj/LaunchScreen.storyboard; sourceTree = "<group>"; };
		D810F05129513B160020D9E8 /* Info.plist */ = {isa = PBXFileReference; lastKnownFileType = text.plist.xml; path = Info.plist; sourceTree = "<group>"; };
		D810F05B2951487E0020D9E8 /* Song.swift */ = {isa = PBXFileReference; lastKnownFileType = sourcecode.swift; path = Song.swift; sourceTree = "<group>"; };
		D810F05E29514BB60020D9E8 /* SongController.swift */ = {isa = PBXFileReference; lastKnownFileType = sourcecode.swift; path = SongController.swift; sourceTree = "<group>"; };
		D810F06429514E8D0020D9E8 /* SongTableViewController.swift */ = {isa = PBXFileReference; lastKnownFileType = sourcecode.swift; path = SongTableViewController.swift; sourceTree = "<group>"; };
		D82438A32952DCB3000564C0 /* PlaylistViewController.swift */ = {isa = PBXFileReference; lastKnownFileType = sourcecode.swift; path = PlaylistViewController.swift; sourceTree = "<group>"; };
		D832EFAA2952C7F8007ABFA8 /* Playlist.swift */ = {isa = PBXFileReference; lastKnownFileType = sourcecode.swift; path = Playlist.swift; sourceTree = "<group>"; };
		D832EFAC2952C941007ABFA8 /* PlaylistController.swift */ = {isa = PBXFileReference; lastKnownFileType = sourcecode.swift; path = PlaylistController.swift; sourceTree = "<group>"; };
/* End PBXFileReference section */

/* Begin PBXFrameworksBuildPhase section */
		D810F03D29513B140020D9E8 /* Frameworks */ = {
			isa = PBXFrameworksBuildPhase;
			buildActionMask = 2147483647;
			files = (
			);
			runOnlyForDeploymentPostprocessing = 0;
		};
/* End PBXFrameworksBuildPhase section */

/* Begin PBXGroup section */
		D810F03729513B140020D9E8 = {
			isa = PBXGroup;
			children = (
				D810F04229513B140020D9E8 /* Playlist */,
				D810F04129513B140020D9E8 /* Products */,
			);
			sourceTree = "<group>";
		};
		D810F04129513B140020D9E8 /* Products */ = {
			isa = PBXGroup;
			children = (
				D810F04029513B140020D9E8 /* Playlist.app */,
			);
			name = Products;
			sourceTree = "<group>";
		};
		D810F04229513B140020D9E8 /* Playlist */ = {
			isa = PBXGroup;
			children = (
				D810F06129514E100020D9E8 /* View Controller */,
				D810F05D29514BA30020D9E8 /* Model Controller */,
				D810F05A295148660020D9E8 /* Model */,
				D810F05929513C310020D9E8 /* Resources */,
				D810F05729513B7D0020D9E8 /* Storyboards */,
			);
			path = Playlist;
			sourceTree = "<group>";
		};
		D810F05729513B7D0020D9E8 /* Storyboards */ = {
			isa = PBXGroup;
			children = (
				D810F04929513B140020D9E8 /* Main.storyboard */,
				D810F04E29513B160020D9E8 /* LaunchScreen.storyboard */,
			);
			path = Storyboards;
			sourceTree = "<group>";
		};
		D810F05929513C310020D9E8 /* Resources */ = {
			isa = PBXGroup;
			children = (
				D810F04329513B140020D9E8 /* AppDelegate.swift */,
				D810F04529513B140020D9E8 /* SceneDelegate.swift */,
				D810F04C29513B160020D9E8 /* Assets.xcassets */,
				D810F05129513B160020D9E8 /* Info.plist */,
			);
			path = Resources;
			sourceTree = "<group>";
		};
		D810F05A295148660020D9E8 /* Model */ = {
			isa = PBXGroup;
			children = (
				D810F05B2951487E0020D9E8 /* Song.swift */,
				D832EFAA2952C7F8007ABFA8 /* Playlist.swift */,
			);
			path = Model;
			sourceTree = "<group>";
		};
		D810F05D29514BA30020D9E8 /* Model Controller */ = {
			isa = PBXGroup;
			children = (
				D810F05E29514BB60020D9E8 /* SongController.swift */,
				D832EFAC2952C941007ABFA8 /* PlaylistController.swift */,
			);
			path = "Model Controller";
			sourceTree = "<group>";
		};
		D810F06129514E100020D9E8 /* View Controller */ = {
			isa = PBXGroup;
			children = (
				D810F06429514E8D0020D9E8 /* SongTableViewController.swift */,
				D82438A32952DCB3000564C0 /* PlaylistViewController.swift */,
			);
			path = "View Controller";
			sourceTree = "<group>";
		};
/* End PBXGroup section */

/* Begin PBXNativeTarget section */
		D810F03F29513B140020D9E8 /* Playlist */ = {
			isa = PBXNativeTarget;
			buildConfigurationList = D810F05429513B160020D9E8 /* Build configuration list for PBXNativeTarget "Playlist" */;
			buildPhases = (
				D810F03C29513B140020D9E8 /* Sources */,
				D810F03D29513B140020D9E8 /* Frameworks */,
				D810F03E29513B140020D9E8 /* Resources */,
			);
			buildRules = (
			);
			dependencies = (
			);
			name = Playlist;
			productName = Playlist;
			productReference = D810F04029513B140020D9E8 /* Playlist.app */;
			productType = "com.apple.product-type.application";
		};
/* End PBXNativeTarget section */

/* Begin PBXProject section */
		D810F03829513B140020D9E8 /* Project object */ = {
			isa = PBXProject;
			attributes = {
				BuildIndependentTargetsInParallel = 1;
				LastSwiftUpdateCheck = 1420;
				LastUpgradeCheck = 1420;
				TargetAttributes = {
					D810F03F29513B140020D9E8 = {
						CreatedOnToolsVersion = 14.2;
					};
				};
			};
			buildConfigurationList = D810F03B29513B140020D9E8 /* Build configuration list for PBXProject "Playlist" */;
			compatibilityVersion = "Xcode 14.0";
			developmentRegion = en;
			hasScannedForEncodings = 0;
			knownRegions = (
				en,
				Base,
			);
			mainGroup = D810F03729513B140020D9E8;
			productRefGroup = D810F04129513B140020D9E8 /* Products */;
			projectDirPath = "";
			projectRoot = "";
			targets = (
				D810F03F29513B140020D9E8 /* Playlist */,
			);
		};
/* End PBXProject section */

/* Begin PBXResourcesBuildPhase section */
		D810F03E29513B140020D9E8 /* Resources */ = {
			isa = PBXResourcesBuildPhase;
			buildActionMask = 2147483647;
			files = (
				D810F05029513B160020D9E8 /* LaunchScreen.storyboard in Resources */,
				D810F04D29513B160020D9E8 /* Assets.xcassets in Resources */,
				D810F04B29513B140020D9E8 /* Main.storyboard in Resources */,
			);
			runOnlyForDeploymentPostprocessing = 0;
		};
/* End PBXResourcesBuildPhase section */

/* Begin PBXSourcesBuildPhase section */
		D810F03C29513B140020D9E8 /* Sources */ = {
			isa = PBXSourcesBuildPhase;
			buildActionMask = 2147483647;
			files = (
				D82438A42952DCB3000564C0 /* PlaylistViewController.swift in Sources */,
				D810F06529514E8D0020D9E8 /* SongTableViewController.swift in Sources */,
				D810F05C2951487E0020D9E8 /* Song.swift in Sources */,
				D810F04429513B140020D9E8 /* AppDelegate.swift in Sources */,
				D810F05F29514BB60020D9E8 /* SongController.swift in Sources */,
				D810F04629513B140020D9E8 /* SceneDelegate.swift in Sources */,
				D832EFAB2952C7F8007ABFA8 /* Playlist.swift in Sources */,
				D832EFAD2952C941007ABFA8 /* PlaylistController.swift in Sources */,
			);
			runOnlyForDeploymentPostprocessing = 0;
		};
/* End PBXSourcesBuildPhase section */

/* Begin PBXVariantGroup section */
		D810F04929513B140020D9E8 /* Main.storyboard */ = {
			isa = PBXVariantGroup;
			children = (
				D810F04A29513B140020D9E8 /* Base */,
			);
			name = Main.storyboard;
			sourceTree = "<group>";
		};
		D810F04E29513B160020D9E8 /* LaunchScreen.storyboard */ = {
			isa = PBXVariantGroup;
			children = (
				D810F04F29513B160020D9E8 /* Base */,
			);
			name = LaunchScreen.storyboard;
			sourceTree = "<group>";
		};
/* End PBXVariantGroup section */

/* Begin XCBuildConfiguration section */
		D810F05229513B160020D9E8 /* Debug */ = {
			isa = XCBuildConfiguration;
			buildSettings = {
				ALWAYS_SEARCH_USER_PATHS = NO;
				CLANG_ANALYZER_NONNULL = YES;
				CLANG_ANALYZER_NUMBER_OBJECT_CONVERSION = YES_AGGRESSIVE;
				CLANG_CXX_LANGUAGE_STANDARD = "gnu++20";
				CLANG_ENABLE_MODULES = YES;
				CLANG_ENABLE_OBJC_ARC = YES;
				CLANG_ENABLE_OBJC_WEAK = YES;
				CLANG_WARN_BLOCK_CAPTURE_AUTORELEASING = YES;
				CLANG_WARN_BOOL_CONVERSION = YES;
				CLANG_WARN_COMMA = YES;
				CLANG_WARN_CONSTANT_CONVERSION = YES;
				CLANG_WARN_DEPRECATED_OBJC_IMPLEMENTATIONS = YES;
				CLANG_WARN_DIRECT_OBJC_ISA_USAGE = YES_ERROR;
				CLANG_WARN_DOCUMENTATION_COMMENTS = YES;
				CLANG_WARN_EMPTY_BODY = YES;
				CLANG_WARN_ENUM_CONVERSION = YES;
				CLANG_WARN_INFINITE_RECURSION = YES;
				CLANG_WARN_INT_CONVERSION = YES;
				CLANG_WARN_NON_LITERAL_NULL_CONVERSION = YES;
				CLANG_WARN_OBJC_IMPLICIT_RETAIN_SELF = YES;
				CLANG_WARN_OBJC_LITERAL_CONVERSION = YES;
				CLANG_WARN_OBJC_ROOT_CLASS = YES_ERROR;
				CLANG_WARN_QUOTED_INCLUDE_IN_FRAMEWORK_HEADER = YES;
				CLANG_WARN_RANGE_LOOP_ANALYSIS = YES;
				CLANG_WARN_STRICT_PROTOTYPES = YES;
				CLANG_WARN_SUSPICIOUS_MOVE = YES;
				CLANG_WARN_UNGUARDED_AVAILABILITY = YES_AGGRESSIVE;
				CLANG_WARN_UNREACHABLE_CODE = YES;
				CLANG_WARN__DUPLICATE_METHOD_MATCH = YES;
				COPY_PHASE_STRIP = NO;
				DEBUG_INFORMATION_FORMAT = dwarf;
				ENABLE_STRICT_OBJC_MSGSEND = YES;
				ENABLE_TESTABILITY = YES;
				GCC_C_LANGUAGE_STANDARD = gnu11;
				GCC_DYNAMIC_NO_PIC = NO;
				GCC_NO_COMMON_BLOCKS = YES;
				GCC_OPTIMIZATION_LEVEL = 0;
				GCC_PREPROCESSOR_DEFINITIONS = (
					"DEBUG=1",
					"$(inherited)",
				);
				GCC_WARN_64_TO_32_BIT_CONVERSION = YES;
				GCC_WARN_ABOUT_RETURN_TYPE = YES_ERROR;
				GCC_WARN_UNDECLARED_SELECTOR = YES;
				GCC_WARN_UNINITIALIZED_AUTOS = YES_AGGRESSIVE;
				GCC_WARN_UNUSED_FUNCTION = YES;
				GCC_WARN_UNUSED_VARIABLE = YES;
				IPHONEOS_DEPLOYMENT_TARGET = 16.2;
				MTL_ENABLE_DEBUG_INFO = INCLUDE_SOURCE;
				MTL_FAST_MATH = YES;
				ONLY_ACTIVE_ARCH = YES;
				SDKROOT = iphoneos;
				SWIFT_ACTIVE_COMPILATION_CONDITIONS = DEBUG;
				SWIFT_OPTIMIZATION_LEVEL = "-Onone";
			};
			name = Debug;
		};
		D810F05329513B160020D9E8 /* Release */ = {
			isa = XCBuildConfiguration;
			buildSettings = {
				ALWAYS_SEARCH_USER_PATHS = NO;
				CLANG_ANALYZER_NONNULL = YES;
				CLANG_ANALYZER_NUMBER_OBJECT_CONVERSION = YES_AGGRESSIVE;
				CLANG_CXX_LANGUAGE_STANDARD = "gnu++20";
				CLANG_ENABLE_MODULES = YES;
				CLANG_ENABLE_OBJC_ARC = YES;
				CLANG_ENABLE_OBJC_WEAK = YES;
				CLANG_WARN_BLOCK_CAPTURE_AUTORELEASING = YES;
				CLANG_WARN_BOOL_CONVERSION = YES;
				CLANG_WARN_COMMA = YES;
				CLANG_WARN_CONSTANT_CONVERSION = YES;
				CLANG_WARN_DEPRECATED_OBJC_IMPLEMENTATIONS = YES;
				CLANG_WARN_DIRECT_OBJC_ISA_USAGE = YES_ERROR;
				CLANG_WARN_DOCUMENTATION_COMMENTS = YES;
				CLANG_WARN_EMPTY_BODY = YES;
				CLANG_WARN_ENUM_CONVERSION = YES;
				CLANG_WARN_INFINITE_RECURSION = YES;
				CLANG_WARN_INT_CONVERSION = YES;
				CLANG_WARN_NON_LITERAL_NULL_CONVERSION = YES;
				CLANG_WARN_OBJC_IMPLICIT_RETAIN_SELF = YES;
				CLANG_WARN_OBJC_LITERAL_CONVERSION = YES;
				CLANG_WARN_OBJC_ROOT_CLASS = YES_ERROR;
				CLANG_WARN_QUOTED_INCLUDE_IN_FRAMEWORK_HEADER = YES;
				CLANG_WARN_RANGE_LOOP_ANALYSIS = YES;
				CLANG_WARN_STRICT_PROTOTYPES = YES;
				CLANG_WARN_SUSPICIOUS_MOVE = YES;
				CLANG_WARN_UNGUARDED_AVAILABILITY = YES_AGGRESSIVE;
				CLANG_WARN_UNREACHABLE_CODE = YES;
				CLANG_WARN__DUPLICATE_METHOD_MATCH = YES;
				COPY_PHASE_STRIP = NO;
				DEBUG_INFORMATION_FORMAT = "dwarf-with-dsym";
				ENABLE_NS_ASSERTIONS = NO;
				ENABLE_STRICT_OBJC_MSGSEND = YES;
				GCC_C_LANGUAGE_STANDARD = gnu11;
				GCC_NO_COMMON_BLOCKS = YES;
				GCC_WARN_64_TO_32_BIT_CONVERSION = YES;
				GCC_WARN_ABOUT_RETURN_TYPE = YES_ERROR;
				GCC_WARN_UNDECLARED_SELECTOR = YES;
				GCC_WARN_UNINITIALIZED_AUTOS = YES_AGGRESSIVE;
				GCC_WARN_UNUSED_FUNCTION = YES;
				GCC_WARN_UNUSED_VARIABLE = YES;
				IPHONEOS_DEPLOYMENT_TARGET = 16.2;
				MTL_ENABLE_DEBUG_INFO = NO;
				MTL_FAST_MATH = YES;
				SDKROOT = iphoneos;
				SWIFT_COMPILATION_MODE = wholemodule;
				SWIFT_OPTIMIZATION_LEVEL = "-O";
				VALIDATE_PRODUCT = YES;
			};
			name = Release;
		};
		D810F05529513B160020D9E8 /* Debug */ = {
			isa = XCBuildConfiguration;
			buildSettings = {
				ASSETCATALOG_COMPILER_APPICON_NAME = AppIcon;
				ASSETCATALOG_COMPILER_GLOBAL_ACCENT_COLOR_NAME = AccentColor;
				CODE_SIGN_STYLE = Automatic;
				CURRENT_PROJECT_VERSION = 1;
				DEVELOPMENT_TEAM = 74AQA4M4HV;
				GENERATE_INFOPLIST_FILE = YES;
				INFOPLIST_FILE = Playlist/Resources/Info.plist;
				INFOPLIST_KEY_UIApplicationSupportsIndirectInputEvents = YES;
				INFOPLIST_KEY_UILaunchStoryboardName = LaunchScreen;
				INFOPLIST_KEY_UIMainStoryboardFile = Main;
				INFOPLIST_KEY_UISupportedInterfaceOrientations_iPad = "UIInterfaceOrientationPortrait UIInterfaceOrientationPortraitUpsideDown UIInterfaceOrientationLandscapeLeft UIInterfaceOrientationLandscapeRight";
				INFOPLIST_KEY_UISupportedInterfaceOrientations_iPhone = "UIInterfaceOrientationPortrait UIInterfaceOrientationLandscapeLeft UIInterfaceOrientationLandscapeRight";
				LD_RUNPATH_SEARCH_PATHS = (
					"$(inherited)",
					"@executable_path/Frameworks",
				);
				MARKETING_VERSION = 1.0;
				PRODUCT_BUNDLE_IDENTIFIER = "Dominique-Strachan.Playlist";
				PRODUCT_NAME = "$(TARGET_NAME)";
				SWIFT_EMIT_LOC_STRINGS = YES;
				SWIFT_VERSION = 5.0;
				TARGETED_DEVICE_FAMILY = "1,2";
			};
			name = Debug;
		};
		D810F05629513B160020D9E8 /* Release */ = {
			isa = XCBuildConfiguration;
			buildSettings = {
				ASSETCATALOG_COMPILER_APPICON_NAME = AppIcon;
				ASSETCATALOG_COMPILER_GLOBAL_ACCENT_COLOR_NAME = AccentColor;
				CODE_SIGN_STYLE = Automatic;
				CURRENT_PROJECT_VERSION = 1;
				DEVELOPMENT_TEAM = 74AQA4M4HV;
				GENERATE_INFOPLIST_FILE = YES;
				INFOPLIST_FILE = Playlist/Resources/Info.plist;
				INFOPLIST_KEY_UIApplicationSupportsIndirectInputEvents = YES;
				INFOPLIST_KEY_UILaunchStoryboardName = LaunchScreen;
				INFOPLIST_KEY_UIMainStoryboardFile = Main;
				INFOPLIST_KEY_UISupportedInterfaceOrientations_iPad = "UIInterfaceOrientationPortrait UIInterfaceOrientationPortraitUpsideDown UIInterfaceOrientationLandscapeLeft UIInterfaceOrientationLandscapeRight";
				INFOPLIST_KEY_UISupportedInterfaceOrientations_iPhone = "UIInterfaceOrientationPortrait UIInterfaceOrientationLandscapeLeft UIInterfaceOrientationLandscapeRight";
				LD_RUNPATH_SEARCH_PATHS = (
					"$(inherited)",
					"@executable_path/Frameworks",
				);
				MARKETING_VERSION = 1.0;
				PRODUCT_BUNDLE_IDENTIFIER = "Dominique-Strachan.Playlist";
				PRODUCT_NAME = "$(TARGET_NAME)";
				SWIFT_EMIT_LOC_STRINGS = YES;
				SWIFT_VERSION = 5.0;
				TARGETED_DEVICE_FAMILY = "1,2";
			};
			name = Release;
		};
/* End XCBuildConfiguration section */

/* Begin XCConfigurationList section */
		D810F03B29513B140020D9E8 /* Build configuration list for PBXProject "Playlist" */ = {
			isa = XCConfigurationList;
			buildConfigurations = (
				D810F05229513B160020D9E8 /* Debug */,
				D810F05329513B160020D9E8 /* Release */,
			);
			defaultConfigurationIsVisible = 0;
			defaultConfigurationName = Release;
		};
		D810F05429513B160020D9E8 /* Build configuration list for PBXNativeTarget "Playlist" */ = {
			isa = XCConfigurationList;
			buildConfigurations = (
				D810F05529513B160020D9E8 /* Debug */,
				D810F05629513B160020D9E8 /* Release */,
			);
			defaultConfigurationIsVisible = 0;
			defaultConfigurationName = Release;
		};
/* End XCConfigurationList section */
	};
	rootObject = D810F03829513B140020D9E8 /* Project object */;
}
